
Microsoft Visual Studio Solution File, Format Version 12.00
# Visual Studio Version 17
VisualStudioVersion = 17.4.33110.190
MinimumVisualStudioVersion = 10.0.40219.1
Project("{FAE04EC0-301F-11D3-BF4B-00C04F79EFBC}") = "NewKapcha", "NewKapcha.csproj", "{9D41A4D6-1CB5-4688-AC96-DF5E3085D154}"
EndProject
Global
	GlobalSection(SolutionConfigurationPlatforms) = preSolution
		Debug|Any CPU = Debug|Any CPU
		Release|Any CPU = Release|Any CPU
	EndGlobalSection
	GlobalSection(ProjectConfigurationPlatforms) = postSolution
		{9D41A4D6-1CB5-4688-AC96-DF5E3085D154}.Debug|Any CPU.ActiveCfg = Debug|Any CPU
		{9D41A4D6-1CB5-4688-AC96-DF5E3085D154}.Debug|Any CPU.Build.0 = Debug|Any CPU
		{9D41A4D6-1CB5-4688-AC96-DF5E3085D154}.Release|Any CPU.ActiveCfg = Release|Any CPU
		{9D41A4D6-1CB5-4688-AC96-DF5E3085D154}.Release|Any CPU.Build.0 = Release|Any CPU
	EndGlobalSection
	GlobalSection(SolutionProperties) = preSolution
		HideSolutionNode = FALSE
	EndGlobalSection
	GlobalSection(ExtensibilityGlobals) = postSolution
		SolutionGuid = {D0A88819-79B5-4594-9EFA-AEC6A826320B}
	EndGlobalSection
EndGlobal
